
Microsoft Visual Studio Solution File, Format Version 12.00
# Visual Studio Version 16
VisualStudioVersion = 16.0.31624.102
MinimumVisualStudioVersion = 10.0.40219.1
Project("{FAE04EC0-301F-11D3-BF4B-00C04F79EFBC}") = "hwidcheck", "hwidcheck\hwidcheck.csproj", "{A83C874D-4A5B-4673-A7C1-6FBEB032F546}"
EndProject
Global
	GlobalSection(SolutionConfigurationPlatforms) = preSolution
		Debug|Any CPU = Debug|Any CPU
		Release|Any CPU = Release|Any CPU
	EndGlobalSection
	GlobalSection(ProjectConfigurationPlatforms) = postSolution
		{A83C874D-4A5B-4673-A7C1-6FBEB032F546}.Debug|Any CPU.ActiveCfg = Debug|Any CPU
		{A83C874D-4A5B-4673-A7C1-6FBEB032F546}.Debug|Any CPU.Build.0 = Debug|Any CPU
		{A83C874D-4A5B-4673-A7C1-6FBEB032F546}.Release|Any CPU.ActiveCfg = Release|Any CPU
		{A83C874D-4A5B-4673-A7C1-6FBEB032F546}.Release|Any CPU.Build.0 = Release|Any CPU
	EndGlobalSection
	GlobalSection(SolutionProperties) = preSolution
		HideSolutionNode = FALSE
	EndGlobalSection
	GlobalSection(ExtensibilityGlobals) = postSolution
		SolutionGuid = {62079932-D690-4831-9BFB-436229218F22}
	EndGlobalSection
EndGlobal
